Microsoft Visual Studio Solution File, Format Version 12.00
# Visual Studio Version 17
VisualStudioVersion = 17.5.2.0
MinimumVisualStudioVersion = 10.0.40219.1
Project("{FAE04EC0-301F-11D3-BF4B-00C04F79EFBC}") = "ProyectoCalculadora", "ProyectoCalculadora.csproj", "{6B2757BF-D65B-41DA-3A83-330FFA3E969D}"
EndProject
Global
	GlobalSection(SolutionConfigurationPlatforms) = preSolution
		Debug|Any CPU = Debug|Any CPU
		Release|Any CPU = Release|Any CPU
	EndGlobalSection
	GlobalSection(ProjectConfigurationPlatforms) = postSolution
		{6B2757BF-D65B-41DA-3A83-330FFA3E969D}.Debug|Any CPU.ActiveCfg = Debug|Any CPU
		{6B2757BF-D65B-41DA-3A83-330FFA3E969D}.Debug|Any CPU.Build.0 = Debug|Any CPU
		{6B2757BF-D65B-41DA-3A83-330FFA3E969D}.Release|Any CPU.ActiveCfg = Release|Any CPU
		{6B2757BF-D65B-41DA-3A83-330FFA3E969D}.Release|Any CPU.Build.0 = Release|Any CPU
	EndGlobalSection
	GlobalSection(SolutionProperties) = preSolution
		HideSolutionNode = FALSE
	EndGlobalSection
	GlobalSection(ExtensibilityGlobals) = postSolution
		SolutionGuid = {E372B0E7-4502-4C22-B45A-35BD2B04AB4F}
	EndGlobalSection
EndGlobal
